
Microsoft Visual Studio Solution File, Format Version 12.00
# Visual Studio Version 16
VisualStudioVersion = 16.0.33214.272
MinimumVisualStudioVersion = 10.0.40219.1
Project("{FAE04EC0-301F-11D3-BF4B-00C04F79EFBC}") = "manipulatorServerPart", "manipulatorServerPart.csproj", "{C93E853D-B206-43F9-B048-5F8795C9A737}"
EndProject
Global
	GlobalSection(SolutionConfigurationPlatforms) = preSolution
		Debug|Any CPU = Debug|Any CPU
		Release|Any CPU = Release|Any CPU
	EndGlobalSection
	GlobalSection(ProjectConfigurationPlatforms) = postSolution
		{C93E853D-B206-43F9-B048-5F8795C9A737}.Debug|Any CPU.ActiveCfg = Debug|Any CPU
		{C93E853D-B206-43F9-B048-5F8795C9A737}.Debug|Any CPU.Build.0 = Debug|Any CPU
		{C93E853D-B206-43F9-B048-5F8795C9A737}.Release|Any CPU.ActiveCfg = Release|Any CPU
		{C93E853D-B206-43F9-B048-5F8795C9A737}.Release|Any CPU.Build.0 = Release|Any CPU
	EndGlobalSection
	GlobalSection(SolutionProperties) = preSolution
		HideSolutionNode = FALSE
	EndGlobalSection
	GlobalSection(ExtensibilityGlobals) = postSolution
		SolutionGuid = {03B33C91-220B-422F-9A01-9BF761EDB83A}
	EndGlobalSection
EndGlobal
